{
  "object": {
    "pins": [
      {
        "package": "trySwiftColorKit",
        "repositoryURL": "https://github.com/danielsaidi/trySwiftColorKit.git",
        "state": {
          "branch": "main",
          "revision": "79026409b12cfac3c566cf4f153a542e959888f2",
          "version": null
        }
      },
      {
        "package": "trySwiftColorKitPro",
        "repositoryURL": "https://github.com/danielsaidi/trySwiftColorKitPro",
        "state": {
          "branch": "main",
          "revision": "8defad302b3ff6054a7a8acfd0f1134ac9f9abae",
          "version": null
        }
      }
    ]
  },
  "version": 1
}
