// !$*UTF8*$!
{
	archiveVersion = 1;
	classes = {
	};
	objectVersion = 52;
	objects = {

/* Begin PBXBuildFile section */
		A9034BA5262F49AF003C4CCE /* DemoApp.swift in Sources */ = {isa = PBXBuildFile; fileRef = A9034B92262F49AD003C4CCE /* DemoApp.swift */; };
		A9034BA6262F49AF003C4CCE /* DemoApp.swift in Sources */ = {isa = PBXBuildFile; fileRef = A9034B92262F49AD003C4CCE /* DemoApp.swift */; };
		A9034BA7262F49AF003C4CCE /* ContentView.swift in Sources */ = {isa = PBXBuildFile; fileRef = A9034B93262F49AD003C4CCE /* ContentView.swift */; };
		A9034BA8262F49AF003C4CCE /* ContentView.swift in Sources */ = {isa = PBXBuildFile; fileRef = A9034B93262F49AD003C4CCE /* ContentView.swift */; };
		A9034BA9262F49AF003C4CCE /* Assets.xcassets in Resources */ = {isa = PBXBuildFile; fileRef = A9034B94262F49AF003C4CCE /* Assets.xcassets */; };
		A9034BAA262F49AF003C4CCE /* Assets.xcassets in Resources */ = {isa = PBXBuildFile; fileRef = A9034B94262F49AF003C4CCE /* Assets.xcassets */; };
		A9034BB7262F4A43003C4CCE /* trySwiftColorKit in Frameworks */ = {isa = PBXBuildFile; productRef = A9034BB6262F4A43003C4CCE /* trySwiftColorKit */; };
		A9E6684D262F4B9B009608ED /* trySwiftColorKit in Frameworks */ = {isa = PBXBuildFile; productRef = A9E6684C262F4B9B009608ED /* trySwiftColorKit */; };
/* End PBXBuildFile section */

/* Begin PBXFileReference section */
		A9034B92262F49AD003C4CCE /* DemoApp.swift */ = {isa = PBXFileReference; lastKnownFileType = sourcecode.swift; path = DemoApp.swift; sourceTree = "<group>"; };
		A9034B93262F49AD003C4CCE /* ContentView.swift */ = {isa = PBXFileReference; lastKnownFileType = sourcecode.swift; path = ContentView.swift; sourceTree = "<group>"; };
		A9034B94262F49AF003C4CCE /* Assets.xcassets */ = {isa = PBXFileReference; lastKnownFileType = folder.assetcatalog; path = Assets.xcassets; sourceTree = "<group>"; };
		A9034B99262F49AF003C4CCE /* Demo.app */ = {isa = PBXFileReference; explicitFileType = wrapper.application; includeInIndex = 0; path = Demo.app; sourceTree = BUILT_PRODUCTS_DIR; };
		A9034B9C262F49AF003C4CCE /* Info.plist */ = {isa = PBXFileReference; lastKnownFileType = text.plist.xml; path = Info.plist; sourceTree = "<group>"; };
		A9034BA1262F49AF003C4CCE /* Demo.app */ = {isa = PBXFileReference; explicitFileType = wrapper.application; includeInIndex = 0; path = Demo.app; sourceTree = BUILT_PRODUCTS_DIR; };
		A9034BA3262F49AF003C4CCE /* Info.plist */ = {isa = PBXFileReference; lastKnownFileType = text.plist.xml; path = Info.plist; sourceTree = "<group>"; };
		A9034BA4262F49AF003C4CCE /* macOS.entitlements */ = {isa = PBXFileReference; lastKnownFileType = text.plist.entitlements; path = macOS.entitlements; sourceTree = "<group>"; };
/* End PBXFileReference section */

/* Begin PBXFrameworksBuildPhase section */
		A9034B96262F49AF003C4CCE /* Frameworks */ = {
			isa = PBXFrameworksBuildPhase;
			buildActionMask = 2147483647;
			files = (
				A9034BB7262F4A43003C4CCE /* trySwiftColorKit in Frameworks */,
			);
			runOnlyForDeploymentPostprocessing = 0;
		};
		A9034B9E262F49AF003C4CCE /* Frameworks */ = {
			isa = PBXFrameworksBuildPhase;
			buildActionMask = 2147483647;
			files = (
				A9E6684D262F4B9B009608ED /* trySwiftColorKit in Frameworks */,
			);
			runOnlyForDeploymentPostprocessing = 0;
		};
/* End PBXFrameworksBuildPhase section */

/* Begin PBXGroup section */
		A9034B8C262F49AD003C4CCE = {
			isa = PBXGroup;
			children = (
				A9034B91262F49AD003C4CCE /* Shared */,
				A9034B9B262F49AF003C4CCE /* iOS */,
				A9034BA2262F49AF003C4CCE /* macOS */,
				A9034B9A262F49AF003C4CCE /* Products */,
				A9E6684B262F4B9B009608ED /* Frameworks */,
			);
			sourceTree = "<group>";
		};
		A9034B91262F49AD003C4CCE /* Shared */ = {
			isa = PBXGroup;
			children = (
				A9034B92262F49AD003C4CCE /* DemoApp.swift */,
				A9034B93262F49AD003C4CCE /* ContentView.swift */,
				A9034B94262F49AF003C4CCE /* Assets.xcassets */,
			);
			path = Shared;
			sourceTree = "<group>";
		};
		A9034B9A262F49AF003C4CCE /* Products */ = {
			isa = PBXGroup;
			children = (
				A9034B99262F49AF003C4CCE /* Demo.app */,
				A9034BA1262F49AF003C4CCE /* Demo.app */,
			);
			name = Products;
			sourceTree = "<group>";
		};
		A9034B9B262F49AF003C4CCE /* iOS */ = {
			isa = PBXGroup;
			children = (
				A9034B9C262F49AF003C4CCE /* Info.plist */,
			);
			path = iOS;
			sourceTree = "<group>";
		};
		A9034BA2262F49AF003C4CCE /* macOS */ = {
			isa = PBXGroup;
			children = (
				A9034BA3262F49AF003C4CCE /* Info.plist */,
				A9034BA4262F49AF003C4CCE /* macOS.entitlements */,
			);
			path = macOS;
			sourceTree = "<group>";
		};
		A9E6684B262F4B9B009608ED /* Frameworks */ = {
			isa = PBXGroup;
			children = (
			);
			name = Frameworks;
			sourceTree = "<group>";
		};
/* End PBXGroup section */

/* Begin PBXNativeTarget section */
		A9034B98262F49AF003C4CCE /* Demo (iOS) */ = {
			isa = PBXNativeTarget;
			buildConfigurationList = A9034BAD262F49AF003C4CCE /* Build configuration list for PBXNativeTarget "Demo (iOS)" */;
			buildPhases = (
				A9034B95262F49AF003C4CCE /* Sources */,
				A9034B96262F49AF003C4CCE /* Frameworks */,
				A9034B97262F49AF003C4CCE /* Resources */,
			);
			buildRules = (
			);
			dependencies = (
			);
			name = "Demo (iOS)";
			packageProductDependencies = (
				A9034BB6262F4A43003C4CCE /* trySwiftColorKit */,
			);
			productName = "Demo (iOS)";
			productReference = A9034B99262F49AF003C4CCE /* Demo.app */;
			productType = "com.apple.product-type.application";
		};
		A9034BA0262F49AF003C4CCE /* Demo (macOS) */ = {
			isa = PBXNativeTarget;
			buildConfigurationList = A9034BB0262F49AF003C4CCE /* Build configuration list for PBXNativeTarget "Demo (macOS)" */;
			buildPhases = (
				A9034B9D262F49AF003C4CCE /* Sources */,
				A9034B9E262F49AF003C4CCE /* Frameworks */,
				A9034B9F262F49AF003C4CCE /* Resources */,
			);
			buildRules = (
			);
			dependencies = (
			);
			name = "Demo (macOS)";
			packageProductDependencies = (
				A9E6684C262F4B9B009608ED /* trySwiftColorKit */,
			);
			productName = "Demo (macOS)";
			productReference = A9034BA1262F49AF003C4CCE /* Demo.app */;
			productType = "com.apple.product-type.application";
		};
/* End PBXNativeTarget section */

/* Begin PBXProject section */
		A9034B8D262F49AD003C4CCE /* Project object */ = {
			isa = PBXProject;
			attributes = {
				LastSwiftUpdateCheck = 1240;
				LastUpgradeCheck = 1240;
				TargetAttributes = {
					A9034B98262F49AF003C4CCE = {
						CreatedOnToolsVersion = 12.4;
					};
					A9034BA0262F49AF003C4CCE = {
						CreatedOnToolsVersion = 12.4;
					};
				};
			};
			buildConfigurationList = A9034B90262F49AD003C4CCE /* Build configuration list for PBXProject "Demo" */;
			compatibilityVersion = "Xcode 9.3";
			developmentRegion = en;
			hasScannedForEncodings = 0;
			knownRegions = (
				en,
				Base,
			);
			mainGroup = A9034B8C262F49AD003C4CCE;
			packageReferences = (
				A9034BB5262F4A43003C4CCE /* XCRemoteSwiftPackageReference "trySwiftColorKit" */,
			);
			productRefGroup = A9034B9A262F49AF003C4CCE /* Products */;
			projectDirPath = "";
			projectRoot = "";
			targets = (
				A9034B98262F49AF003C4CCE /* Demo (iOS) */,
				A9034BA0262F49AF003C4CCE /* Demo (macOS) */,
			);
		};
/* End PBXProject section */

/* Begin PBXResourcesBuildPhase section */
		A9034B97262F49AF003C4CCE /* Resources */ = {
			isa = PBXResourcesBuildPhase;
			buildActionMask = 2147483647;
			files = (
				A9034BA9262F49AF003C4CCE /* Assets.xcassets in Resources */,
			);
			runOnlyForDeploymentPostprocessing = 0;
		};
		A9034B9F262F49AF003C4CCE /* Resources */ = {
			isa = PBXResourcesBuildPhase;
			buildActionMask = 2147483647;
			files = (
				A9034BAA262F49AF003C4CCE /* Assets.xcassets in Resources */,
			);
			runOnlyForDeploymentPostprocessing = 0;
		};
/* End PBXResourcesBuildPhase section */

/* Begin PBXSourcesBuildPhase section */
		A9034B95262F49AF003C4CCE /* Sources */ = {
			isa = PBXSourcesBuildPhase;
			buildActionMask = 2147483647;
			files = (
				A9034BA7262F49AF003C4CCE /* ContentView.swift in Sources */,
				A9034BA5262F49AF003C4CCE /* DemoApp.swift in Sources */,
			);
			runOnlyForDeploymentPostprocessing = 0;
		};
		A9034B9D262F49AF003C4CCE /* Sources */ = {
			isa = PBXSourcesBuildPhase;
			buildActionMask = 2147483647;
			files = (
				A9034BA8262F49AF003C4CCE /* ContentView.swift in Sources */,
				A9034BA6262F49AF003C4CCE /* DemoApp.swift in Sources */,
			);
			runOnlyForDeploymentPostprocessing = 0;
		};
/* End PBXSourcesBuildPhase section */

/* Begin XCBuildConfiguration section */
		A9034BAB262F49AF003C4CCE /* Debug */ = {
			isa = XCBuildConfiguration;
			buildSettings = {
				ALWAYS_SEARCH_USER_PATHS = NO;
				CLANG_ANALYZER_NONNULL = YES;
				CLANG_ANALYZER_NUMBER_OBJECT_CONVERSION = YES_AGGRESSIVE;
				CLANG_CXX_LANGUAGE_STANDARD = "gnu++14";
				CLANG_CXX_LIBRARY = "libc++";
				CLANG_ENABLE_MODULES = YES;
				CLANG_ENABLE_OBJC_ARC = YES;
				CLANG_ENABLE_OBJC_WEAK = YES;
				CLANG_WARN_BLOCK_CAPTURE_AUTORELEASING = YES;
				CLANG_WARN_BOOL_CONVERSION = YES;
				CLANG_WARN_COMMA = YES;
				CLANG_WARN_CONSTANT_CONVERSION = YES;
				CLANG_WARN_DEPRECATED_OBJC_IMPLEMENTATIONS = YES;
				CLANG_WARN_DIRECT_OBJC_ISA_USAGE = YES_ERROR;
				CLANG_WARN_DOCUMENTATION_COMMENTS = YES;
				CLANG_WARN_EMPTY_BODY = YES;
				CLANG_WARN_ENUM_CONVERSION = YES;
				CLANG_WARN_INFINITE_RECURSION = YES;
				CLANG_WARN_INT_CONVERSION = YES;
				CLANG_WARN_NON_LITERAL_NULL_CONVERSION = YES;
				CLANG_WARN_OBJC_IMPLICIT_RETAIN_SELF = YES;
				CLANG_WARN_OBJC_LITERAL_CONVERSION = YES;
				CLANG_WARN_OBJC_ROOT_CLASS = YES_ERROR;
				CLANG_WARN_QUOTED_INCLUDE_IN_FRAMEWORK_HEADER = YES;
				CLANG_WARN_RANGE_LOOP_ANALYSIS = YES;
				CLANG_WARN_STRICT_PROTOTYPES = YES;
				CLANG_WARN_SUSPICIOUS_MOVE = YES;
				CLANG_WARN_UNGUARDED_AVAILABILITY = YES_AGGRESSIVE;
				CLANG_WARN_UNREACHABLE_CODE = YES;
				CLANG_WARN__DUPLICATE_METHOD_MATCH = YES;
				COPY_PHASE_STRIP = NO;
				DEBUG_INFORMATION_FORMAT = dwarf;
				ENABLE_STRICT_OBJC_MSGSEND = YES;
				ENABLE_TESTABILITY = YES;
				GCC_C_LANGUAGE_STANDARD = gnu11;
				GCC_DYNAMIC_NO_PIC = NO;
				GCC_NO_COMMON_BLOCKS = YES;
				GCC_OPTIMIZATION_LEVEL = 0;
				GCC_PREPROCESSOR_DEFINITIONS = (
					"DEBUG=1",
					"$(inherited)",
				);
				GCC_WARN_64_TO_32_BIT_CONVERSION = YES;
				GCC_WARN_ABOUT_RETURN_TYPE = YES_ERROR;
				GCC_WARN_UNDECLARED_SELECTOR = YES;
				GCC_WARN_UNINITIALIZED_AUTOS = YES_AGGRESSIVE;
				GCC_WARN_UNUSED_FUNCTION = YES;
				GCC_WARN_UNUSED_VARIABLE = YES;
				MTL_ENABLE_DEBUG_INFO = INCLUDE_SOURCE;
				MTL_FAST_MATH = YES;
				ONLY_ACTIVE_ARCH = YES;
				SWIFT_ACTIVE_COMPILATION_CONDITIONS = DEBUG;
				SWIFT_OPTIMIZATION_LEVEL = "-Onone";
			};
			name = Debug;
		};
		A9034BAC262F49AF003C4CCE /* Release */ = {
			isa = XCBuildConfiguration;
			buildSettings = {
				ALWAYS_SEARCH_USER_PATHS = NO;
				CLANG_ANALYZER_NONNULL = YES;
				CLANG_ANALYZER_NUMBER_OBJECT_CONVERSION = YES_AGGRESSIVE;
				CLANG_CXX_LANGUAGE_STANDARD = "gnu++14";
				CLANG_CXX_LIBRARY = "libc++";
				CLANG_ENABLE_MODULES = YES;
				CLANG_ENABLE_OBJC_ARC = YES;
				CLANG_ENABLE_OBJC_WEAK = YES;
				CLANG_WARN_BLOCK_CAPTURE_AUTORELEASING = YES;
				CLANG_WARN_BOOL_CONVERSION = YES;
				CLANG_WARN_COMMA = YES;
				CLANG_WARN_CONSTANT_CONVERSION = YES;
				CLANG_WARN_DEPRECATED_OBJC_IMPLEMENTATIONS = YES;
				CLANG_WARN_DIRECT_OBJC_ISA_USAGE = YES_ERROR;
				CLANG_WARN_DOCUMENTATION_COMMENTS = YES;
				CLANG_WARN_EMPTY_BODY = YES;
				CLANG_WARN_ENUM_CONVERSION = YES;
				CLANG_WARN_INFINITE_RECURSION = YES;
				CLANG_WARN_INT_CONVERSION = YES;
				CLANG_WARN_NON_LITERAL_NULL_CONVERSION = YES;
				CLANG_WARN_OBJC_IMPLICIT_RETAIN_SELF = YES;
				CLANG_WARN_OBJC_LITERAL_CONVERSION = YES;
				CLANG_WARN_OBJC_ROOT_CLASS = YES_ERROR;
				CLANG_WARN_QUOTED_INCLUDE_IN_FRAMEWORK_HEADER = YES;
				CLANG_WARN_RANGE_LOOP_ANALYSIS = YES;
				CLANG_WARN_STRICT_PROTOTYPES = YES;
				CLANG_WARN_SUSPICIOUS_MOVE = YES;
				CLANG_WARN_UNGUARDED_AVAILABILITY = YES_AGGRESSIVE;
				CLANG_WARN_UNREACHABLE_CODE = YES;
				CLANG_WARN__DUPLICATE_METHOD_MATCH = YES;
				COPY_PHASE_STRIP = NO;
				DEBUG_INFORMATION_FORMAT = "dwarf-with-dsym";
				ENABLE_NS_ASSERTIONS = NO;
				ENABLE_STRICT_OBJC_MSGSEND = YES;
				GCC_C_LANGUAGE_STANDARD = gnu11;
				GCC_NO_COMMON_BLOCKS = YES;
				GCC_WARN_64_TO_32_BIT_CONVERSION = YES;
				GCC_WARN_ABOUT_RETURN_TYPE = YES_ERROR;
				GCC_WARN_UNDECLARED_SELECTOR = YES;
				GCC_WARN_UNINITIALIZED_AUTOS = YES_AGGRESSIVE;
				GCC_WARN_UNUSED_FUNCTION = YES;
				GCC_WARN_UNUSED_VARIABLE = YES;
				MTL_ENABLE_DEBUG_INFO = NO;
				MTL_FAST_MATH = YES;
				SWIFT_COMPILATION_MODE = wholemodule;
				SWIFT_OPTIMIZATION_LEVEL = "-O";
			};
			name = Release;
		};
		A9034BAE262F49AF003C4CCE /* Debug */ = {
			isa = XCBuildConfiguration;
			buildSettings = {
				ASSETCATALOG_COMPILER_APPICON_NAME = AppIcon;
				ASSETCATALOG_COMPILER_GLOBAL_ACCENT_COLOR_NAME = AccentColor;
				CODE_SIGN_STYLE = Automatic;
				DEVELOPMENT_TEAM = PMEDFW438U;
				ENABLE_PREVIEWS = YES;
				INFOPLIST_FILE = iOS/Info.plist;
				IPHONEOS_DEPLOYMENT_TARGET = 14.0;
				LD_RUNPATH_SEARCH_PATHS = (
					"$(inherited)",
					"@executable_path/Frameworks",
				);
				PRODUCT_BUNDLE_IDENTIFIER = com.danielsaidi.Demo;
				PRODUCT_NAME = Demo;
				SDKROOT = iphoneos;
				SWIFT_VERSION = 5.0;
				TARGETED_DEVICE_FAMILY = "1,2";
			};
			name = Debug;
		};
		A9034BAF262F49AF003C4CCE /* Release */ = {
			isa = XCBuildConfiguration;
			buildSettings = {
				ASSETCATALOG_COMPILER_APPICON_NAME = AppIcon;
				ASSETCATALOG_COMPILER_GLOBAL_ACCENT_COLOR_NAME = AccentColor;
				CODE_SIGN_STYLE = Automatic;
				DEVELOPMENT_TEAM = PMEDFW438U;
				ENABLE_PREVIEWS = YES;
				INFOPLIST_FILE = iOS/Info.plist;
				IPHONEOS_DEPLOYMENT_TARGET = 14.0;
				LD_RUNPATH_SEARCH_PATHS = (
					"$(inherited)",
					"@executable_path/Frameworks",
				);
				PRODUCT_BUNDLE_IDENTIFIER = com.danielsaidi.Demo;
				PRODUCT_NAME = Demo;
				SDKROOT = iphoneos;
				SWIFT_VERSION = 5.0;
				TARGETED_DEVICE_FAMILY = "1,2";
				VALIDATE_PRODUCT = YES;
			};
			name = Release;
		};
		A9034BB1262F49AF003C4CCE /* Debug */ = {
			isa = XCBuildConfiguration;
			buildSettings = {
				ASSETCATALOG_COMPILER_APPICON_NAME = AppIcon;
				ASSETCATALOG_COMPILER_GLOBAL_ACCENT_COLOR_NAME = AccentColor;
				CODE_SIGN_ENTITLEMENTS = macOS/macOS.entitlements;
				CODE_SIGN_STYLE = Automatic;
				COMBINE_HIDPI_IMAGES = YES;
				DEVELOPMENT_TEAM = PMEDFW438U;
				ENABLE_HARDENED_RUNTIME = YES;
				ENABLE_PREVIEWS = YES;
				INFOPLIST_FILE = macOS/Info.plist;
				LD_RUNPATH_SEARCH_PATHS = (
					"$(inherited)",
					"@executable_path/../Frameworks",
				);
				MACOSX_DEPLOYMENT_TARGET = 11.0;
				PRODUCT_BUNDLE_IDENTIFIER = com.danielsaidi.Demo;
				PRODUCT_NAME = Demo;
				SDKROOT = macosx;
				SWIFT_VERSION = 5.0;
			};
			name = Debug;
		};
		A9034BB2262F49AF003C4CCE /* Release */ = {
			isa = XCBuildConfiguration;
			buildSettings = {
				ASSETCATALOG_COMPILER_APPICON_NAME = AppIcon;
				ASSETCATALOG_COMPILER_GLOBAL_ACCENT_COLOR_NAME = AccentColor;
				CODE_SIGN_ENTITLEMENTS = macOS/macOS.entitlements;
				CODE_SIGN_STYLE = Automatic;
				COMBINE_HIDPI_IMAGES = YES;
				DEVELOPMENT_TEAM = PMEDFW438U;
				ENABLE_HARDENED_RUNTIME = YES;
				ENABLE_PREVIEWS = YES;
				INFOPLIST_FILE = macOS/Info.plist;
				LD_RUNPATH_SEARCH_PATHS = (
					"$(inherited)",
					"@executable_path/../Frameworks",
				);
				MACOSX_DEPLOYMENT_TARGET = 11.0;
				PRODUCT_BUNDLE_IDENTIFIER = com.danielsaidi.Demo;
				PRODUCT_NAME = Demo;
				SDKROOT = macosx;
				SWIFT_VERSION = 5.0;
			};
			name = Release;
		};
/* End XCBuildConfiguration section */

/* Begin XCConfigurationList section */
		A9034B90262F49AD003C4CCE /* Build configuration list for PBXProject "Demo" */ = {
			isa = XCConfigurationList;
			buildConfigurations = (
				A9034BAB262F49AF003C4CCE /* Debug */,
				A9034BAC262F49AF003C4CCE /* Release */,
			);
			defaultConfigurationIsVisible = 0;
			defaultConfigurationName = Release;
		};
		A9034BAD262F49AF003C4CCE /* Build configuration list for PBXNativeTarget "Demo (iOS)" */ = {
			isa = XCConfigurationList;
			buildConfigurations = (
				A9034BAE262F49AF003C4CCE /* Debug */,
				A9034BAF262F49AF003C4CCE /* Release */,
			);
			defaultConfigurationIsVisible = 0;
			defaultConfigurationName = Release;
		};
		A9034BB0262F49AF003C4CCE /* Build configuration list for PBXNativeTarget "Demo (macOS)" */ = {
			isa = XCConfigurationList;
			buildConfigurations = (
				A9034BB1262F49AF003C4CCE /* Debug */,
				A9034BB2262F49AF003C4CCE /* Release */,
			);
			defaultConfigurationIsVisible = 0;
			defaultConfigurationName = Release;
		};
/* End XCConfigurationList section */

/* Begin XCRemoteSwiftPackageReference section */
		A9034BB5262F4A43003C4CCE /* XCRemoteSwiftPackageReference "trySwiftColorKit" */ = {
			isa = XCRemoteSwiftPackageReference;
			repositoryURL = "https://github.com/danielsaidi/trySwiftColorKit";
			requirement = {
				branch = workshop;
				kind = branch;
			};
		};
/* End XCRemoteSwiftPackageReference section */

/* Begin XCSwiftPackageProductDependency section */
		A9034BB6262F4A43003C4CCE /* trySwiftColorKit */ = {
			isa = XCSwiftPackageProductDependency;
			package = A9034BB5262F4A43003C4CCE /* XCRemoteSwiftPackageReference "trySwiftColorKit" */;
			productName = trySwiftColorKit;
		};
		A9E6684C262F4B9B009608ED /* trySwiftColorKit */ = {
			isa = XCSwiftPackageProductDependency;
			package = A9034BB5262F4A43003C4CCE /* XCRemoteSwiftPackageReference "trySwiftColorKit" */;
			productName = trySwiftColorKit;
		};
/* End XCSwiftPackageProductDependency section */
	};
	rootObject = A9034B8D262F49AD003C4CCE /* Project object */;
}
